
Microsoft Visual Studio Solution File, Format Version 12.00
# Visual Studio Version 17
VisualStudioVersion = 17.5.002.0
MinimumVisualStudioVersion = 10.0.40219.1
Project("{9A19103F-16F7-4668-BE54-9A1E7A4F7556}") = "ParkingZoneApp", "ParkingZoneApp\ParkingZoneApp.csproj", "{97C58D8B-5504-443F-AA1B-4E18DA72C682}"
EndProject
Project("{9A19103F-16F7-4668-BE54-9A1E7A4F7556}") = "ParkingZoneApp.Tests", "ParkingZoneApp.Tests\ParkingZoneApp.Tests.csproj", "{870F4627-DC7B-4484-A378-E999AB4A16C1}"
EndProject
Project("{FAE04EC0-301F-11D3-BF4B-00C04F79EFBC}") = "ParkingSlots.Tests", "ParkingSlots.Tests\ParkingSlots.Tests.csproj", "{D194880B-9518-406B-AE14-3DD541913C59}"
EndProject
Global
	GlobalSection(SolutionConfigurationPlatforms) = preSolution
		Debug|Any CPU = Debug|Any CPU
		Release|Any CPU = Release|Any CPU
	EndGlobalSection
	GlobalSection(ProjectConfigurationPlatforms) = postSolution
		{97C58D8B-5504-443F-AA1B-4E18DA72C682}.Debug|Any CPU.ActiveCfg = Debug|Any CPU
		{97C58D8B-5504-443F-AA1B-4E18DA72C682}.Debug|Any CPU.Build.0 = Debug|Any CPU
		{97C58D8B-5504-443F-AA1B-4E18DA72C682}.Release|Any CPU.ActiveCfg = Release|Any CPU
		{97C58D8B-5504-443F-AA1B-4E18DA72C682}.Release|Any CPU.Build.0 = Release|Any CPU
		{870F4627-DC7B-4484-A378-E999AB4A16C1}.Debug|Any CPU.ActiveCfg = Debug|Any CPU
		{870F4627-DC7B-4484-A378-E999AB4A16C1}.Debug|Any CPU.Build.0 = Debug|Any CPU
		{870F4627-DC7B-4484-A378-E999AB4A16C1}.Release|Any CPU.ActiveCfg = Release|Any CPU
		{870F4627-DC7B-4484-A378-E999AB4A16C1}.Release|Any CPU.Build.0 = Release|Any CPU
		{D194880B-9518-406B-AE14-3DD541913C59}.Debug|Any CPU.ActiveCfg = Debug|Any CPU
		{D194880B-9518-406B-AE14-3DD541913C59}.Debug|Any CPU.Build.0 = Debug|Any CPU
		{D194880B-9518-406B-AE14-3DD541913C59}.Release|Any CPU.ActiveCfg = Release|Any CPU
		{D194880B-9518-406B-AE14-3DD541913C59}.Release|Any CPU.Build.0 = Release|Any CPU
	EndGlobalSection
	GlobalSection(SolutionProperties) = preSolution
		HideSolutionNode = FALSE
	EndGlobalSection
	GlobalSection(ExtensibilityGlobals) = postSolution
		SolutionGuid = {C17273EB-82FB-477F-B6F9-EEC7B108F305}
	EndGlobalSection
EndGlobal
