
Microsoft Visual Studio Solution File, Format Version 12.00
# Visual Studio Version 17
VisualStudioVersion = 17.8.34330.188
MinimumVisualStudioVersion = 10.0.40219.1
Project("{FAE04EC0-301F-11D3-BF4B-00C04F79EFBC}") = "ParkingZone", "ParkingZone\ParkingZone.csproj", "{6EDD4CE6-2EB0-46D0-85D5-60ED7C189CF6}"
EndProject
Project("{2150E333-8FDC-42A3-9474-1A3956D46DE8}") = "Solution Items", "Solution Items", "{9DAFCEF6-6AE6-4B41-BCE5-15A8B18B8D48}"
	ProjectSection(SolutionItems) = preProject
		.editorconfig = .editorconfig
	EndProjectSection
EndProject
Global
	GlobalSection(SolutionConfigurationPlatforms) = preSolution
		Debug|Any CPU = Debug|Any CPU
		Release|Any CPU = Release|Any CPU
	EndGlobalSection
	GlobalSection(ProjectConfigurationPlatforms) = postSolution
		{6EDD4CE6-2EB0-46D0-85D5-60ED7C189CF6}.Debug|Any CPU.ActiveCfg = Debug|Any CPU
		{6EDD4CE6-2EB0-46D0-85D5-60ED7C189CF6}.Debug|Any CPU.Build.0 = Debug|Any CPU
		{6EDD4CE6-2EB0-46D0-85D5-60ED7C189CF6}.Release|Any CPU.ActiveCfg = Release|Any CPU
		{6EDD4CE6-2EB0-46D0-85D5-60ED7C189CF6}.Release|Any CPU.Build.0 = Release|Any CPU
	EndGlobalSection
	GlobalSection(SolutionProperties) = preSolution
		HideSolutionNode = FALSE
	EndGlobalSection
	GlobalSection(ExtensibilityGlobals) = postSolution
		SolutionGuid = {0CECA87F-C377-42E0-8A5E-B7A6231CDD0F}
	EndGlobalSection
EndGlobal
